
Microsoft Visual Studio Solution File, Format Version 12.00
# Visual Studio Version 17
VisualStudioVersion = 17.11.35208.52
MinimumVisualStudioVersion = 10.0.40219.1
Project("{9A19103F-16F7-4668-BE54-9A1E7A4F7556}") = "ContactManagerAPI", "ContactManagerAPI\ContactManagerAPI.csproj", "{B96E1F02-61CF-4D2E-99FF-574EC8E85E32}"
EndProject
Global
	GlobalSection(SolutionConfigurationPlatforms) = preSolution
		Debug|Any CPU = Debug|Any CPU
		Release|Any CPU = Release|Any CPU
	EndGlobalSection
	GlobalSection(ProjectConfigurationPlatforms) = postSolution
		{B96E1F02-61CF-4D2E-99FF-574EC8E85E32}.Debug|Any CPU.ActiveCfg = Debug|Any CPU
		{B96E1F02-61CF-4D2E-99FF-574EC8E85E32}.Debug|Any CPU.Build.0 = Debug|Any CPU
		{B96E1F02-61CF-4D2E-99FF-574EC8E85E32}.Release|Any CPU.ActiveCfg = Release|Any CPU
		{B96E1F02-61CF-4D2E-99FF-574EC8E85E32}.Release|Any CPU.Build.0 = Release|Any CPU
	EndGlobalSection
	GlobalSection(SolutionProperties) = preSolution
		HideSolutionNode = FALSE
	EndGlobalSection
	GlobalSection(ExtensibilityGlobals) = postSolution
		SolutionGuid = {D399D8B3-276B-4BA1-8A14-C344C093B0E6}
	EndGlobalSection
EndGlobal
